
Microsoft Visual Studio Solution File, Format Version 12.00
# Visual Studio 14
VisualStudioVersion = 14.0.25420.1
MinimumVisualStudioVersion = 10.0.40219.1
Project("{2150E333-8FDC-42A3-9474-1A3956D46DE8}") = "src", "src", "{D35E546A-9420-4AC1-A24E-04EFCC2954E5}"
EndProject
Project("{2150E333-8FDC-42A3-9474-1A3956D46DE8}") = "Solution Items", "Solution Items", "{EE3DF303-6D47-4E41-8E7A-1B6930FB7573}"
	ProjectSection(SolutionItems) = preProject
		global.json = global.json
	EndProjectSection
EndProject
Project("{8BB2217D-0F2D-49D1-97BC-3654ED321F3B}") = "WebCore", "src\WebCore\WebCore.xproj", "{83383B4A-CE89-4590-B9C0-C28D37F1D31A}"
EndProject
Project("{8BB2217D-0F2D-49D1-97BC-3654ED321F3B}") = "API", "src\API\API.xproj", "{118CA5A6-F08A-4BD9-A775-B67BFFC8AF57}"
EndProject
Global
	GlobalSection(SolutionConfigurationPlatforms) = preSolution
		Debug|Any CPU = Debug|Any CPU
		Release|Any CPU = Release|Any CPU
	EndGlobalSection
	GlobalSection(ProjectConfigurationPlatforms) = postSolution
		{83383B4A-CE89-4590-B9C0-C28D37F1D31A}.Debug|Any CPU.ActiveCfg = Debug|Any CPU
		{83383B4A-CE89-4590-B9C0-C28D37F1D31A}.Debug|Any CPU.Build.0 = Debug|Any CPU
		{83383B4A-CE89-4590-B9C0-C28D37F1D31A}.Release|Any CPU.ActiveCfg = Release|Any CPU
		{83383B4A-CE89-4590-B9C0-C28D37F1D31A}.Release|Any CPU.Build.0 = Release|Any CPU
		{118CA5A6-F08A-4BD9-A775-B67BFFC8AF57}.Debug|Any CPU.ActiveCfg = Debug|Any CPU
		{118CA5A6-F08A-4BD9-A775-B67BFFC8AF57}.Debug|Any CPU.Build.0 = Debug|Any CPU
		{118CA5A6-F08A-4BD9-A775-B67BFFC8AF57}.Release|Any CPU.ActiveCfg = Release|Any CPU
		{118CA5A6-F08A-4BD9-A775-B67BFFC8AF57}.Release|Any CPU.Build.0 = Release|Any CPU
	EndGlobalSection
	GlobalSection(SolutionProperties) = preSolution
		HideSolutionNode = FALSE
	EndGlobalSection
	GlobalSection(NestedProjects) = preSolution
		{83383B4A-CE89-4590-B9C0-C28D37F1D31A} = {D35E546A-9420-4AC1-A24E-04EFCC2954E5}
		{118CA5A6-F08A-4BD9-A775-B67BFFC8AF57} = {D35E546A-9420-4AC1-A24E-04EFCC2954E5}
	EndGlobalSection
EndGlobal
